{
  "name": "sampleapp",
  "version": "1.0.0",
  "lockfileVersion": 1,
  "requires": true,
  "dependencies": {
    "@babel/runtime": {
      "version": "7.13.10",
      "resolved": "https://registry.npmjs.org/@babel/runtime/-/runtime-7.13.10.tgz",
      "integrity": "sha512-4QPkjJq6Ns3V/RgpEahRk+AGfL0eO6RHHtTWoNNr5mO49G6B5+X6d6THgWEAvTrznU5xYpbAlVKRYcsCgh/Akw==",
      "requires": {
        "regenerator-runtime": "^0.13.4"
      },
      "dependencies": {
        "regenerator-runtime": {
          "version": "0.13.7",
          "resolved": "https://registry.npmjs.org/regenerator-runtime/-/regenerator-runtime-0.13.7.tgz",
          "integrity": "sha512-a54FxoJDIr27pgf7IgeQGxmqUNYrcV338lf/6gH456HZ/PhX+5BcwHXG9ajESmwe6WRO0tAzRUrRmNONWgkrew=="
        }
      }
    },
    "@types/prop-types": {
      "version": "15.7.3",
      "resolved": "https://registry.npmjs.org/@types/prop-types/-/prop-types-15.7.3.tgz",
      "integrity": "sha512-KfRL3PuHmqQLOG+2tGpRO26Ctg+Cq1E01D2DMriKEATHgWLfeNDmq9e29Q9WIky0dQ3NPkd1mzYH8Lm936Z9qw=="
    },
    "@zohodesk/components": {
      "version": "1.0.0-temp-9",
      "resolved": "https://registry.npmjs.org/@zohodesk/components/-/components-1.0.0-temp-9.tgz",
      "integrity": "sha512-HPWBcvmeNOK/Oo9muFdxrhbJLn9xNUdFtcgcGDX55hl1Gkrvo4Jy3ddkH4NPS58IfuhdQuXe/deb1F3bYKZ7Pw==",
      "requires": {
        "@zohodesk/docstool": "1.0.0-alpha-2",
        "@zohodesk/icons": "1.0.0-beta.36",
        "@zohodesk/variables": "1.0.0-beta.16",
        "@zohodesk/virtualizer": "1.0.3",
        "hoist-non-react-statics": "3.0.1",
        "react-sortable-hoc": "^0.8.3",
        "react-transition-group": "2.5.0",
        "reselect": "4.0.0",
        "selectn": "1.1.2",
        "velocity-react": "^1.4.1"
      }
    },
    "@zohodesk/docstool": {
      "version": "1.0.0-alpha-2",
      "resolved": "https://registry.npmjs.org/@zohodesk/docstool/-/docstool-1.0.0-alpha-2.tgz",
      "integrity": "sha512-2Xu4OgU6mryJuhmk7y/mwfVafB3dUv70wgtQoerxFD3ysFNBQVmkPRznSGOVQDNBdDZAEixrNCAxjfLNRNu7BQ=="
    },
    "@zohodesk/icons": {
      "version": "1.0.0-beta.36",
      "resolved": "https://registry.npmjs.org/@zohodesk/icons/-/icons-1.0.0-beta.36.tgz",
      "integrity": "sha512-RqMYzcLItZtKx6ouuZYWSkygGiPQnFs80YlJalZ3Hgye0aj08GkA0Hs2Xpt0ZBNVNV4djudBKm/TBnTqP53jtw==",
      "requires": {
        "@zohodesk/variables": "^1.0.0-beta.0"
      }
    },
    "@zohodesk/variables": {
      "version": "1.0.0-beta.16",
      "resolved": "https://registry.npmjs.org/@zohodesk/variables/-/variables-1.0.0-beta.16.tgz",
      "integrity": "sha512-o9z/n1fjSl/tewfVnd+RHv7XEEEGXbuwlpKOLQYU1Q3a0TM3oPhBwIzmZRMirI16JX7oKmLqUef9hqxiIEl3sg=="
    },
    "@zohodesk/virtualizer": {
      "version": "1.0.3",
      "resolved": "https://registry.npmjs.org/@zohodesk/virtualizer/-/virtualizer-1.0.3.tgz",
      "integrity": "sha512-4yBvs/CQeY1uJi2xRKx6Dac1ftH0omJdv5noASit/95Zc1nZLJT8cObJn+HDJBFz3/Q7LdU4Keo5lRGVdy3dfQ==",
      "requires": {
        "babel-runtime": "^6.26.0"
      }
    },
    "babel-runtime": {
      "version": "6.26.0",
      "resolved": "https://registry.npmjs.org/babel-runtime/-/babel-runtime-6.26.0.tgz",
      "integrity": "sha1-llxwWGaOgrVde/4E/yM3vItWR/4=",
      "requires": {
        "core-js": "^2.4.0",
        "regenerator-runtime": "^0.11.0"
      }
    },
    "base16": {
      "version": "1.0.0",
      "resolved": "https://registry.npmjs.org/base16/-/base16-1.0.0.tgz",
      "integrity": "sha1-4pf2DX7BAUp6lxo568ipjAtoHnA="
    },
    "body-parser": {
      "version": "1.19.0",
      "resolved": "https://registry.npmjs.org/body-parser/-/body-parser-1.19.0.tgz",
      "integrity": "sha512-dhEPs72UPbDnAQJ9ZKMNTP6ptJaionhP5cBb541nXPlW60Jepo9RV/a4fX4XWW9CuFNK22krhrj1+rgzifNCsw==",
      "dev": true,
      "requires": {
        "bytes": "3.1.0",
        "content-type": "~1.0.4",
        "debug": "2.6.9",
        "depd": "~1.1.2",
        "http-errors": "1.7.2",
        "iconv-lite": "0.4.24",
        "on-finished": "~2.3.0",
        "qs": "6.7.0",
        "raw-body": "2.4.0",
        "type-is": "~1.6.17"
      }
    },
    "brackets2dots": {
      "version": "1.1.0",
      "resolved": "https://registry.npmjs.org/brackets2dots/-/brackets2dots-1.1.0.tgz",
      "integrity": "sha1-Pz1AN1/GYM4P0AT6J9Z7NPlGmsM="
    },
    "busboy": {
      "version": "0.3.1",
      "resolved": "https://registry.npmjs.org/busboy/-/busboy-0.3.1.tgz",
      "integrity": "sha512-y7tTxhGKXcyBxRKAni+awqx8uqaJKrSFSNFSeRG5CsWNdmy2BIK+6VGWEW7TZnIO/533mtMEA4rOevQV815YJw==",
      "dev": true,
      "requires": {
        "dicer": "0.3.0"
      }
    },
    "bytes": {
      "version": "3.1.0",
      "resolved": "https://registry.npmjs.org/bytes/-/bytes-3.1.0.tgz",
      "integrity": "sha512-zauLjrfCG+xvoyaqLoV8bLVXXNGC4JqlxFCutSDWA6fJrTo2ZuvLYTqZ7aHBLZSMOopbzwv8f+wZcVzfVTI2Dg==",
      "dev": true
    },
    "content-type": {
      "version": "1.0.4",
      "resolved": "https://registry.npmjs.org/content-type/-/content-type-1.0.4.tgz",
      "integrity": "sha512-hIP3EEPs8tB9AT1L+NUqtwOAps4mk2Zob89MWXMHjHWg9milF/j4osnnQLXBCBFBk/tvIG/tUc9mOUJiPBhPXA==",
      "dev": true
    },
    "core-js": {
      "version": "2.6.12",
      "resolved": "https://registry.npmjs.org/core-js/-/core-js-2.6.12.tgz",
      "integrity": "sha512-Kb2wC0fvsWfQrgk8HU5lW6U/Lcs8+9aaYcy4ZFc6DDlo4nZ7n70dEgE5rtR0oG6ufKDUnrwfWL1mXR5ljDatrQ=="
    },
    "cors": {
      "version": "2.8.5",
      "resolved": "https://registry.npmjs.org/cors/-/cors-2.8.5.tgz",
      "integrity": "sha512-KIHbLJqu73RGr/hnbrO9uBeixNGuvSQjul/jdFvS/KFSIH1hWVd1ng7zOHx+YrEfInLG7q4n6GHQ9cDtxv/P6g==",
      "requires": {
        "object-assign": "^4",
        "vary": "^1"
      }
    },
    "curry2": {
      "version": "1.0.3",
      "resolved": "https://registry.npmjs.org/curry2/-/curry2-1.0.3.tgz",
      "integrity": "sha1-OBkdVfEGC/6kfKCACThbuHj2YS8=",
      "requires": {
        "fast-bind": "^1.0.0"
      }
    },
    "debug": {
      "version": "2.6.9",
      "resolved": "https://registry.npmjs.org/debug/-/debug-2.6.9.tgz",
      "integrity": "sha512-bC7ElrdJaJnPbAP+1EotYvqZsb3ecl5wi6Bfi6BJTUcNowp6cvspg0jXznRTKDjm/E7AdgFBVeAPVMNcKGsHMA==",
      "requires": {
        "ms": "2.0.0"
      }
    },
    "deep-diff": {
      "version": "0.3.8",
      "resolved": "https://registry.npmjs.org/deep-diff/-/deep-diff-0.3.8.tgz",
      "integrity": "sha1-wB3mPvsO7JeYgB1Ax+Da4ltYLIQ="
    },
    "depd": {
      "version": "1.1.2",
      "resolved": "https://registry.npmjs.org/depd/-/depd-1.1.2.tgz",
      "integrity": "sha1-m81S4UwJd2PnSbJ0xDRu0uVgtak=",
      "dev": true
    },
    "dicer": {
      "version": "0.3.0",
      "resolved": "https://registry.npmjs.org/dicer/-/dicer-0.3.0.tgz",
      "integrity": "sha512-MdceRRWqltEG2dZqO769g27N/3PXfcKl04VhYnBlo2YhH7zPi88VebsjTKclaOyiuMaGU72hTfw3VkUitGcVCA==",
      "dev": true,
      "requires": {
        "streamsearch": "0.1.2"
      }
    },
    "dom-helpers": {
      "version": "3.4.0",
      "resolved": "https://registry.npmjs.org/dom-helpers/-/dom-helpers-3.4.0.tgz",
      "integrity": "sha512-LnuPJ+dwqKDIyotW1VzmOZ5TONUN7CwkCR5hrgawTUbkBGYdeoNLZo6nNfGkCrjtE1nXXaj7iMMpDa8/d9WoIA==",
      "requires": {
        "@babel/runtime": "^7.1.2"
      }
    },
    "dotsplit.js": {
      "version": "1.1.0",
      "resolved": "https://registry.npmjs.org/dotsplit.js/-/dotsplit.js-1.1.0.tgz",
      "integrity": "sha1-JaI56r6SKpH/pdKhctbJ+4JFHgI="
    },
    "ee-first": {
      "version": "1.1.1",
      "resolved": "https://registry.npmjs.org/ee-first/-/ee-first-1.1.1.tgz",
      "integrity": "sha1-WQxhFWsK4vTwJVcyoViyZrxWsh0=",
      "dev": true
    },
    "express-fileupload": {
      "version": "1.2.1",
      "resolved": "https://registry.npmjs.org/express-fileupload/-/express-fileupload-1.2.1.tgz",
      "integrity": "sha512-fWPNAkBj+Azt9Itmcz/Reqdg3LeBfaXptDEev2JM8bCC0yDptglCnlizhf0YZauyU5X/g6v7v4Xxqhg8tmEfEA==",
      "dev": true,
      "requires": {
        "busboy": "^0.3.1"
      }
    },
    "fast-bind": {
      "version": "1.0.0",
      "resolved": "https://registry.npmjs.org/fast-bind/-/fast-bind-1.0.0.tgz",
      "integrity": "sha1-f6llLLMyX1zR4lLWy08WDeGnbnU="
    },
    "hoist-non-react-statics": {
      "version": "3.0.1",
      "resolved": "https://registry.npmjs.org/hoist-non-react-statics/-/hoist-non-react-statics-3.0.1.tgz",
      "integrity": "sha512-1kXwPsOi0OGQIZNVMPvgWJ9tSnGMiMfJdihqEzrPEXlHOBh9AAHXX/QYmAJTXztnz/K+PQ8ryCb4eGaN6HlGbQ==",
      "requires": {
        "react-is": "^16.3.2"
      }
    },
    "http-errors": {
      "version": "1.7.2",
      "resolved": "https://registry.npmjs.org/http-errors/-/http-errors-1.7.2.tgz",
      "integrity": "sha512-uUQBt3H/cSIVfch6i1EuPNy/YsRSOUBXTVfZ+yR7Zjez3qjBz6i9+i4zjNaoqcoFVI4lQJ5plg63TvGfRSDCRg==",
      "dev": true,
      "requires": {
        "depd": "~1.1.2",
        "inherits": "2.0.3",
        "setprototypeof": "1.1.1",
        "statuses": ">= 1.5.0 < 2",
        "toidentifier": "1.0.0"
      }
    },
    "iconv-lite": {
      "version": "0.4.24",
      "resolved": "https://registry.npmjs.org/iconv-lite/-/iconv-lite-0.4.24.tgz",
      "integrity": "sha512-v3MXnZAcvnywkTUEZomIActle7RXXeedOR31wwl7VlyoXO4Qi9arvSenNQWne1TcRwhCL1HwLI21bEqdpj8/rA==",
      "dev": true,
      "requires": {
        "safer-buffer": ">= 2.1.2 < 3"
      }
    },
    "inherits": {
      "version": "2.0.3",
      "resolved": "https://registry.npmjs.org/inherits/-/inherits-2.0.3.tgz",
      "integrity": "sha1-Yzwsg+PaQqUC9SRmAiSA9CCCYd4=",
      "dev": true
    },
    "invariant": {
      "version": "2.2.4",
      "resolved": "https://registry.npmjs.org/invariant/-/invariant-2.2.4.tgz",
      "integrity": "sha512-phJfQVBuaJM5raOpJjSfkiD6BpbCE4Ns//LaXl6wGYtUBY83nWS6Rf9tXm2e8VaK60JEjYldbPif/A2B1C2gNA==",
      "requires": {
        "loose-envify": "^1.0.0"
      }
    },
    "js-tokens": {
      "version": "4.0.0",
      "resolved": "https://registry.npmjs.org/js-tokens/-/js-tokens-4.0.0.tgz",
      "integrity": "sha512-RdJUflcE3cUzKiMqQgsCu06FPu9UdIJO0beYbPhHN4k6apgJtifcoCtT9bcxOpYBtpD2kCM6Sbzg4CausW/PKQ=="
    },
    "lodash": {
      "version": "4.17.21",
      "resolved": "https://registry.npmjs.org/lodash/-/lodash-4.17.21.tgz",
      "integrity": "sha512-v2kDEe57lecTulaDIuNTPy3Ry4gLGJ6Z1O3vE1krgXZNrsQ+LFTGHVxVjcXPs17LhbZVGedAJv8XZ1tvj5FvSg=="
    },
    "lodash.curry": {
      "version": "4.1.1",
      "resolved": "https://registry.npmjs.org/lodash.curry/-/lodash.curry-4.1.1.tgz",
      "integrity": "sha1-JI42By7ekGUB11lmIAqG2riyMXA="
    },
    "lodash.debounce": {
      "version": "4.0.8",
      "resolved": "https://registry.npmjs.org/lodash.debounce/-/lodash.debounce-4.0.8.tgz",
      "integrity": "sha1-gteb/zCmfEAF/9XiUVMArZyk168="
    },
    "lodash.flow": {
      "version": "3.5.0",
      "resolved": "https://registry.npmjs.org/lodash.flow/-/lodash.flow-3.5.0.tgz",
      "integrity": "sha1-h79AKSuM+D5OjOGjrkIJ4gBxZ1o="
    },
    "loose-envify": {
      "version": "1.4.0",
      "resolved": "https://registry.npmjs.org/loose-envify/-/loose-envify-1.4.0.tgz",
      "integrity": "sha512-lyuxPGr/Wfhrlem2CL/UcnUc1zcqKAImBDzukY7Y5F/yQiNdko6+fRLevlw1HgMySw7f611UIY408EtxRSoK3Q==",
      "requires": {
        "js-tokens": "^3.0.0 || ^4.0.0"
      }
    },
    "media-typer": {
      "version": "0.3.0",
      "resolved": "https://registry.npmjs.org/media-typer/-/media-typer-0.3.0.tgz",
      "integrity": "sha1-hxDXrwqmJvj/+hzgAWhUUmMlV0g=",
      "dev": true
    },
    "mime-db": {
      "version": "1.47.0",
      "resolved": "https://registry.npmjs.org/mime-db/-/mime-db-1.47.0.tgz",
      "integrity": "sha512-QBmA/G2y+IfeS4oktet3qRZ+P5kPhCKRXxXnQEudYqUaEioAU1/Lq2us3D/t1Jfo4hE9REQPrbB7K5sOczJVIw==",
      "dev": true
    },
    "mime-types": {
      "version": "2.1.30",
      "resolved": "https://registry.npmjs.org/mime-types/-/mime-types-2.1.30.tgz",
      "integrity": "sha512-crmjA4bLtR8m9qLpHvgxSChT+XoSlZi8J4n/aIdn3z92e/U47Z0V/yl+Wh9W046GgFVAmoNR/fmdbZYcSSIUeg==",
      "dev": true,
      "requires": {
        "mime-db": "1.47.0"
      }
    },
    "ms": {
      "version": "2.0.0",
      "resolved": "https://registry.npmjs.org/ms/-/ms-2.0.0.tgz",
      "integrity": "sha1-VgiurfwAvmwpAd9fmGF4jeDVl8g="
    },
    "object-assign": {
      "version": "4.1.1",
      "resolved": "https://registry.npmjs.org/object-assign/-/object-assign-4.1.1.tgz",
      "integrity": "sha1-IQmtx5ZYh8/AXLvUQsrIv7s2CGM="
    },
    "on-finished": {
      "version": "2.3.0",
      "resolved": "https://registry.npmjs.org/on-finished/-/on-finished-2.3.0.tgz",
      "integrity": "sha1-IPEzZIGwg811M3mSoWlxqi2QaUc=",
      "dev": true,
      "requires": {
        "ee-first": "1.1.1"
      }
    },
    "parse-key": {
      "version": "0.2.1",
      "resolved": "https://registry.npmjs.org/parse-key/-/parse-key-0.2.1.tgz",
      "integrity": "sha1-e892WVU242B1Zkvk1ofkvdkQII8="
    },
    "prop-types": {
      "version": "15.7.2",
      "resolved": "https://registry.npmjs.org/prop-types/-/prop-types-15.7.2.tgz",
      "integrity": "sha512-8QQikdH7//R2vurIJSutZ1smHYTcLpRWEOlHnzcWHmBYrOGUysKwSsrC89BCiFj3CbrfJ/nXFdJepOVrY1GCHQ==",
      "requires": {
        "loose-envify": "^1.4.0",
        "object-assign": "^4.1.1",
        "react-is": "^16.8.1"
      }
    },
    "pure-color": {
      "version": "1.3.0",
      "resolved": "https://registry.npmjs.org/pure-color/-/pure-color-1.3.0.tgz",
      "integrity": "sha1-H+Bk+wrIUfDeYTIKi/eWg2Qi8z4="
    },
    "qs": {
      "version": "6.7.0",
      "resolved": "https://registry.npmjs.org/qs/-/qs-6.7.0.tgz",
      "integrity": "sha512-VCdBRNFTX1fyE7Nb6FYoURo/SPe62QCaAyzJvUjwRaIsc+NePBEniHlvxFmmX56+HZphIGtV0XeCirBtpDrTyQ==",
      "dev": true
    },
    "raw-body": {
      "version": "2.4.0",
      "resolved": "https://registry.npmjs.org/raw-body/-/raw-body-2.4.0.tgz",
      "integrity": "sha512-4Oz8DUIwdvoa5qMJelxipzi/iJIi40O5cGV1wNYp5hvZP8ZN0T+jiNkL0QepXs+EsQ9XJ8ipEDoiH70ySUJP3Q==",
      "dev": true,
      "requires": {
        "bytes": "3.1.0",
        "http-errors": "1.7.2",
        "iconv-lite": "0.4.24",
        "unpipe": "1.0.0"
      }
    },
    "react-base16-styling": {
      "version": "0.5.3",
      "resolved": "https://registry.npmjs.org/react-base16-styling/-/react-base16-styling-0.5.3.tgz",
      "integrity": "sha1-OFjyTpxN2MvT9wLz901YHKKRcmk=",
      "requires": {
        "base16": "^1.0.0",
        "lodash.curry": "^4.0.1",
        "lodash.flow": "^3.3.0",
        "pure-color": "^1.2.0"
      }
    },
    "react-dock": {
      "version": "0.3.0",
      "resolved": "https://registry.npmjs.org/react-dock/-/react-dock-0.3.0.tgz",
      "integrity": "sha512-A0Dfy6enwb6gruxsMXAkZM6hVyJETTcuB4u/CUVPAj4ZH0/ULQacLHmIdUHfYtZYmPCfeEgOa7KyTueSPrIjFg==",
      "requires": {
        "@types/prop-types": "^15.7.3",
        "lodash.debounce": "^4.0.8",
        "prop-types": "^15.7.2"
      }
    },
    "react-is": {
      "version": "16.13.1",
      "resolved": "https://registry.npmjs.org/react-is/-/react-is-16.13.1.tgz",
      "integrity": "sha512-24e6ynE2H+OKt4kqsOvNd8kBpV65zoxbA4BVsEOB3ARVWQki/DHzaUoC5KuON/BiccDaCCTZBuOcfZs70kR8bQ=="
    },
    "react-json-tree": {
      "version": "0.11.2",
      "resolved": "https://registry.npmjs.org/react-json-tree/-/react-json-tree-0.11.2.tgz",
      "integrity": "sha512-aYhUPj1y5jR3ZQ+G3N7aL8FbTyO03iLwnVvvEikLcNFqNTyabdljo9xDftZndUBFyyyL0aK3qGO9+8EilILHUw==",
      "requires": {
        "babel-runtime": "^6.6.1",
        "prop-types": "^15.5.8",
        "react-base16-styling": "^0.5.1"
      }
    },
    "react-lifecycles-compat": {
      "version": "3.0.4",
      "resolved": "https://registry.npmjs.org/react-lifecycles-compat/-/react-lifecycles-compat-3.0.4.tgz",
      "integrity": "sha512-fBASbA6LnOU9dOU2eW7aQ8xmYBSXUIWr+UmF9b1efZBazGNO+rcXT/icdKnYm2pTwcRylVUYwW7H1PHfLekVzA=="
    },
    "react-pure-render": {
      "version": "1.0.2",
      "resolved": "https://registry.npmjs.org/react-pure-render/-/react-pure-render-1.0.2.tgz",
      "integrity": "sha1-nYqSjH8sN1E8LQZOV7Pjw1bp+rs="
    },
    "react-sortable-hoc": {
      "version": "0.8.4",
      "resolved": "https://registry.npmjs.org/react-sortable-hoc/-/react-sortable-hoc-0.8.4.tgz",
      "integrity": "sha512-J9AFEQAJ7u2YWdVzkU5E3ewrG82xQ4xF1ZPrZYKliDwlVBDkmjri+iKFAEt6NCDIRiBZ4hiN5vzI8pwy/dGPHw==",
      "requires": {
        "babel-runtime": "^6.11.6",
        "invariant": "^2.2.1",
        "prop-types": "^15.5.7"
      }
    },
    "react-transition-group": {
      "version": "2.5.0",
      "resolved": "https://registry.npmjs.org/react-transition-group/-/react-transition-group-2.5.0.tgz",
      "integrity": "sha512-qYB3JBF+9Y4sE4/Mg/9O6WFpdoYjeeYqx0AFb64PTazVy8RPMiE3A47CG9QmM4WJ/mzDiZYslV+Uly6O1Erlgw==",
      "requires": {
        "dom-helpers": "^3.3.1",
        "loose-envify": "^1.4.0",
        "prop-types": "^15.6.2",
        "react-lifecycles-compat": "^3.0.4"
      }
    },
    "redux-devtools": {
      "version": "3.7.0",
      "resolved": "https://registry.npmjs.org/redux-devtools/-/redux-devtools-3.7.0.tgz",
      "integrity": "sha512-Lnx3UX7mnJij2Xs+RicPK1GyKkbuodrCKtfYmJsN603wC0mc99W//xCAskGVNmRhIXg4e57m2k1CyX0kVzCsBg==",
      "requires": {
        "@types/prop-types": "^15.7.3",
        "lodash": "^4.17.19",
        "prop-types": "^15.7.2",
        "redux-devtools-instrument": "^1.10.0"
      }
    },
    "redux-devtools-dock-monitor": {
      "version": "1.2.0",
      "resolved": "https://registry.npmjs.org/redux-devtools-dock-monitor/-/redux-devtools-dock-monitor-1.2.0.tgz",
      "integrity": "sha512-8Qs47jjs5itZMdhnXVl9sfpb1FPtxQZqs11reKUkJ83xxVsE9plL6FXj+kPjRStppzWUsDLMOLACVx3w/TjiRQ==",
      "requires": {
        "@types/prop-types": "^15.7.3",
        "parse-key": "^0.2.1",
        "prop-types": "^15.7.2",
        "react-dock": "^0.3.0"
      }
    },
    "redux-devtools-instrument": {
      "version": "1.10.0",
      "resolved": "https://registry.npmjs.org/redux-devtools-instrument/-/redux-devtools-instrument-1.10.0.tgz",
      "integrity": "sha512-X8JRBCzX2ADSMp+iiV7YQ8uoTNyEm0VPFPd4T854coz6lvRiBrFSqAr9YAS2n8Kzxx8CJQotR0QF9wsMM+3DvA==",
      "requires": {
        "lodash": "^4.17.19",
        "symbol-observable": "^1.2.0"
      }
    },
    "redux-devtools-log-monitor": {
      "version": "1.4.0",
      "resolved": "https://registry.npmjs.org/redux-devtools-log-monitor/-/redux-devtools-log-monitor-1.4.0.tgz",
      "integrity": "sha1-cWuVgO2iozHNNZo2qgnjoWAqhUs=",
      "requires": {
        "lodash.debounce": "^4.0.4",
        "prop-types": "^15.0.0",
        "react-json-tree": "^0.11.0",
        "react-pure-render": "^1.0.2",
        "redux-devtools-themes": "^1.0.0"
      }
    },
    "redux-devtools-themes": {
      "version": "1.0.0",
      "resolved": "https://registry.npmjs.org/redux-devtools-themes/-/redux-devtools-themes-1.0.0.tgz",
      "integrity": "sha1-xILc48U3OXYEX0ATSQfZ3LOuPV0=",
      "requires": {
        "base16": "^1.0.0"
      }
    },
    "redux-logger": {
      "version": "3.0.6",
      "resolved": "https://registry.npmjs.org/redux-logger/-/redux-logger-3.0.6.tgz",
      "integrity": "sha1-91VZZvMJjzyIYExEnPC69XeCdL8=",
      "requires": {
        "deep-diff": "^0.3.5"
      }
    },
    "regenerator-runtime": {
      "version": "0.11.1",
      "resolved": "https://registry.npmjs.org/regenerator-runtime/-/regenerator-runtime-0.11.1.tgz",
      "integrity": "sha512-MguG95oij0fC3QV3URf4V2SDYGJhJnJGqvIIgdECeODCT98wSWDAJ94SSuVpYQUoTcGUIL6L4yNB7j1DFFHSBg=="
    },
    "reselect": {
      "version": "4.0.0",
      "resolved": "https://registry.npmjs.org/reselect/-/reselect-4.0.0.tgz",
      "integrity": "sha512-qUgANli03jjAyGlnbYVAV5vvnOmJnODyABz51RdBN7M4WaVu8mecZWgyQNkG8Yqe3KRGRt0l4K4B3XVEULC4CA=="
    },
    "safer-buffer": {
      "version": "2.1.2",
      "resolved": "https://registry.npmjs.org/safer-buffer/-/safer-buffer-2.1.2.tgz",
      "integrity": "sha512-YZo3K82SD7Riyi0E1EQPojLz7kpepnSQI9IyPbHHg1XXXevb5dJI7tpyN2ADxGcQbHG7vcyRHk0cbwqcQriUtg==",
      "dev": true
    },
    "selectn": {
      "version": "1.1.2",
      "resolved": "https://registry.npmjs.org/selectn/-/selectn-1.1.2.tgz",
      "integrity": "sha1-/IrNkd8/RaywGJHGdzrlKYUdaxc=",
      "requires": {
        "brackets2dots": "^1.1.0",
        "curry2": "^1.0.0",
        "debug": "^2.5.2",
        "dotsplit.js": "^1.0.3"
      }
    },
    "setprototypeof": {
      "version": "1.1.1",
      "resolved": "https://registry.npmjs.org/setprototypeof/-/setprototypeof-1.1.1.tgz",
      "integrity": "sha512-JvdAWfbXeIGaZ9cILp38HntZSFSo3mWg6xGcJJsd+d4aRMOqauag1C63dJfDw7OaMYwEbHMOxEZ1lqVRYP2OAw==",
      "dev": true
    },
    "statuses": {
      "version": "1.5.0",
      "resolved": "https://registry.npmjs.org/statuses/-/statuses-1.5.0.tgz",
      "integrity": "sha1-Fhx9rBd2Wf2YEfQ3cfqZOBR4Yow=",
      "dev": true
    },
    "streamsearch": {
      "version": "0.1.2",
      "resolved": "https://registry.npmjs.org/streamsearch/-/streamsearch-0.1.2.tgz",
      "integrity": "sha1-gIudDlb8Jz2Am6VzOOkpkZoanxo=",
      "dev": true
    },
    "symbol-observable": {
      "version": "1.2.0",
      "resolved": "https://registry.npmjs.org/symbol-observable/-/symbol-observable-1.2.0.tgz",
      "integrity": "sha512-e900nM8RRtGhlV36KGEU9k65K3mPb1WV70OdjfxlG2EAuM1noi/E/BaW/uMhL7bPEssK8QV57vN3esixjUvcXQ=="
    },
    "toidentifier": {
      "version": "1.0.0",
      "resolved": "https://registry.npmjs.org/toidentifier/-/toidentifier-1.0.0.tgz",
      "integrity": "sha512-yaOH/Pk/VEhBWWTlhI+qXxDFXlejDGcQipMlyxda9nthulaxLZUNcUqFxokp0vcYnvteJln5FNQDRrxj3YcbVw==",
      "dev": true
    },
    "type-is": {
      "version": "1.6.18",
      "resolved": "https://registry.npmjs.org/type-is/-/type-is-1.6.18.tgz",
      "integrity": "sha512-TkRKr9sUTxEH8MdfuCSP7VizJyzRNMjj2J2do2Jr3Kym598JVdEksuzPQCnlFPW4ky9Q+iA+ma9BGm06XQBy8g==",
      "dev": true,
      "requires": {
        "media-typer": "0.3.0",
        "mime-types": "~2.1.24"
      }
    },
    "unpipe": {
      "version": "1.0.0",
      "resolved": "https://registry.npmjs.org/unpipe/-/unpipe-1.0.0.tgz",
      "integrity": "sha1-sr9O6FFKrmFltIF4KdIbLvSZBOw=",
      "dev": true
    },
    "vary": {
      "version": "1.1.2",
      "resolved": "https://registry.npmjs.org/vary/-/vary-1.1.2.tgz",
      "integrity": "sha1-IpnwLG3tMNSllhsLn3RSShj2NPw="
    },
    "velocity-animate": {
      "version": "1.5.2",
      "resolved": "https://registry.npmjs.org/velocity-animate/-/velocity-animate-1.5.2.tgz",
      "integrity": "sha512-m6EXlCAMetKztO1ppBhGU1/1MR3IiEevO6ESq6rcrSQ3Q77xYSW13jkfXW88o4xMrkXJhy/U7j4wFR/twMB0Eg=="
    },
    "velocity-react": {
      "version": "1.4.3",
      "resolved": "https://registry.npmjs.org/velocity-react/-/velocity-react-1.4.3.tgz",
      "integrity": "sha512-zvefGm85A88S3KdF9/dz5vqyFLAiwKYlXGYkHH2EbXl+CZUD1OT0a0aS1tkX/WXWTa/FUYqjBaAzAEFYuSobBQ==",
      "requires": {
        "lodash": "^4.17.5",
        "prop-types": "^15.5.8",
        "react-transition-group": "^2.0.0",
        "velocity-animate": "^1.4.0"
      }
    }
  }
}
